
Microsoft Visual Studio Solution File, Format Version 9.00
# Visual C# Express 2005
Project("{FAE04EC0-301F-11D3-BF4B-00C04F79EFBC}") = "Poach", "Poach\Poach.csproj", "{1BC56CE1-0EB6-4931-9E4B-8AE61D8B2375}"
EndProject
Global
	GlobalSection(SolutionConfigurationPlatforms) = preSolution
		Debug|Any CPU = Debug|Any CPU
		Release|Any CPU = Release|Any CPU
	EndGlobalSection
	GlobalSection(ProjectConfigurationPlatforms) = postSolution
		{1BC56CE1-0EB6-4931-9E4B-8AE61D8B2375}.Debug|Any CPU.ActiveCfg = Debug|Any CPU
		{1BC56CE1-0EB6-4931-9E4B-8AE61D8B2375}.Debug|Any CPU.Build.0 = Debug|Any CPU
		{1BC56CE1-0EB6-4931-9E4B-8AE61D8B2375}.Release|Any CPU.ActiveCfg = Release|Any CPU
		{1BC56CE1-0EB6-4931-9E4B-8AE61D8B2375}.Release|Any CPU.Build.0 = Release|Any CPU
	EndGlobalSection
	GlobalSection(SolutionProperties) = preSolution
		HideSolutionNode = FALSE
	EndGlobalSection
EndGlobal
